
Microsoft Visual Studio Solution File, Format Version 12.00
# Visual Studio Version 17
VisualStudioVersion = 17.11.35327.3
MinimumVisualStudioVersion = 10.0.40219.1
Project("{FAE04EC0-301F-11D3-BF4B-00C04F79EFBC}") = "WpfApp28", "WpfApp28\WpfApp28.csproj", "{157E4514-F7CA-475E-BE41-A9E1F59F95E4}"
EndProject
Project("{FAE04EC0-301F-11D3-BF4B-00C04F79EFBC}") = "WpfApp29", "WpfApp29\WpfApp29.csproj", "{52E6B927-375B-49CE-9AB6-109D3604A7FC}"
EndProject
Project("{FAE04EC0-301F-11D3-BF4B-00C04F79EFBC}") = "WpfApp1", "WpfApp1\WpfApp1.csproj", "{F655D9FD-F7A4-47C2-A305-5E868633BAE5}"
EndProject
Project("{8BC9CEB8-8B4A-11D0-8D11-00A0C91BC942}") = "BooksAdd", "BooksAdd\BooksAdd.vcxproj", "{E820F463-400B-48FB-A862-DE662FA1BAE9}"
EndProject
Project("{FAE04EC0-301F-11D3-BF4B-00C04F79EFBC}") = "WinFormsApp1", "WinFormsApp1\WinFormsApp1.csproj", "{2A60597C-A007-46FD-871B-45C3B860212F}"
EndProject
Project("{FAE04EC0-301F-11D3-BF4B-00C04F79EFBC}") = "ConsoleApp2", "ConsoleApp2\ConsoleApp2.csproj", "{84AA73CD-A0F1-47BF-B561-74653E2EB589}"
EndProject
Global
	GlobalSection(SolutionConfigurationPlatforms) = preSolution
		Debug|Any CPU = Debug|Any CPU
		Debug|x64 = Debug|x64
		Debug|x86 = Debug|x86
		Release|Any CPU = Release|Any CPU
		Release|x64 = Release|x64
		Release|x86 = Release|x86
	EndGlobalSection
	GlobalSection(ProjectConfigurationPlatforms) = postSolution
		{157E4514-F7CA-475E-BE41-A9E1F59F95E4}.Debug|Any CPU.ActiveCfg = Debug|Any CPU
		{157E4514-F7CA-475E-BE41-A9E1F59F95E4}.Debug|Any CPU.Build.0 = Debug|Any CPU
		{157E4514-F7CA-475E-BE41-A9E1F59F95E4}.Debug|x64.ActiveCfg = Debug|Any CPU
		{157E4514-F7CA-475E-BE41-A9E1F59F95E4}.Debug|x64.Build.0 = Debug|Any CPU
		{157E4514-F7CA-475E-BE41-A9E1F59F95E4}.Debug|x86.ActiveCfg = Debug|Any CPU
		{157E4514-F7CA-475E-BE41-A9E1F59F95E4}.Debug|x86.Build.0 = Debug|Any CPU
		{157E4514-F7CA-475E-BE41-A9E1F59F95E4}.Release|Any CPU.ActiveCfg = Release|Any CPU
		{157E4514-F7CA-475E-BE41-A9E1F59F95E4}.Release|Any CPU.Build.0 = Release|Any CPU
		{157E4514-F7CA-475E-BE41-A9E1F59F95E4}.Release|x64.ActiveCfg = Release|Any CPU
		{157E4514-F7CA-475E-BE41-A9E1F59F95E4}.Release|x64.Build.0 = Release|Any CPU
		{157E4514-F7CA-475E-BE41-A9E1F59F95E4}.Release|x86.ActiveCfg = Release|Any CPU
		{157E4514-F7CA-475E-BE41-A9E1F59F95E4}.Release|x86.Build.0 = Release|Any CPU
		{52E6B927-375B-49CE-9AB6-109D3604A7FC}.Debug|Any CPU.ActiveCfg = Debug|Any CPU
		{52E6B927-375B-49CE-9AB6-109D3604A7FC}.Debug|Any CPU.Build.0 = Debug|Any CPU
		{52E6B927-375B-49CE-9AB6-109D3604A7FC}.Debug|x64.ActiveCfg = Debug|Any CPU
		{52E6B927-375B-49CE-9AB6-109D3604A7FC}.Debug|x64.Build.0 = Debug|Any CPU
		{52E6B927-375B-49CE-9AB6-109D3604A7FC}.Debug|x86.ActiveCfg = Debug|Any CPU
		{52E6B927-375B-49CE-9AB6-109D3604A7FC}.Debug|x86.Build.0 = Debug|Any CPU
		{52E6B927-375B-49CE-9AB6-109D3604A7FC}.Release|Any CPU.ActiveCfg = Release|Any CPU
		{52E6B927-375B-49CE-9AB6-109D3604A7FC}.Release|Any CPU.Build.0 = Release|Any CPU
		{52E6B927-375B-49CE-9AB6-109D3604A7FC}.Release|x64.ActiveCfg = Release|Any CPU
		{52E6B927-375B-49CE-9AB6-109D3604A7FC}.Release|x64.Build.0 = Release|Any CPU
		{52E6B927-375B-49CE-9AB6-109D3604A7FC}.Release|x86.ActiveCfg = Release|Any CPU
		{52E6B927-375B-49CE-9AB6-109D3604A7FC}.Release|x86.Build.0 = Release|Any CPU
		{F655D9FD-F7A4-47C2-A305-5E868633BAE5}.Debug|Any CPU.ActiveCfg = Debug|Any CPU
		{F655D9FD-F7A4-47C2-A305-5E868633BAE5}.Debug|Any CPU.Build.0 = Debug|Any CPU
		{F655D9FD-F7A4-47C2-A305-5E868633BAE5}.Debug|x64.ActiveCfg = Debug|Any CPU
		{F655D9FD-F7A4-47C2-A305-5E868633BAE5}.Debug|x64.Build.0 = Debug|Any CPU
		{F655D9FD-F7A4-47C2-A305-5E868633BAE5}.Debug|x86.ActiveCfg = Debug|Any CPU
		{F655D9FD-F7A4-47C2-A305-5E868633BAE5}.Debug|x86.Build.0 = Debug|Any CPU
		{F655D9FD-F7A4-47C2-A305-5E868633BAE5}.Release|Any CPU.ActiveCfg = Release|Any CPU
		{F655D9FD-F7A4-47C2-A305-5E868633BAE5}.Release|Any CPU.Build.0 = Release|Any CPU
		{F655D9FD-F7A4-47C2-A305-5E868633BAE5}.Release|x64.ActiveCfg = Release|Any CPU
		{F655D9FD-F7A4-47C2-A305-5E868633BAE5}.Release|x64.Build.0 = Release|Any CPU
		{F655D9FD-F7A4-47C2-A305-5E868633BAE5}.Release|x86.ActiveCfg = Release|Any CPU
		{F655D9FD-F7A4-47C2-A305-5E868633BAE5}.Release|x86.Build.0 = Release|Any CPU
		{E820F463-400B-48FB-A862-DE662FA1BAE9}.Debug|Any CPU.ActiveCfg = Debug|x64
		{E820F463-400B-48FB-A862-DE662FA1BAE9}.Debug|Any CPU.Build.0 = Debug|x64
		{E820F463-400B-48FB-A862-DE662FA1BAE9}.Debug|x64.ActiveCfg = Debug|x64
		{E820F463-400B-48FB-A862-DE662FA1BAE9}.Debug|x64.Build.0 = Debug|x64
		{E820F463-400B-48FB-A862-DE662FA1BAE9}.Debug|x86.ActiveCfg = Debug|Win32
		{E820F463-400B-48FB-A862-DE662FA1BAE9}.Debug|x86.Build.0 = Debug|Win32
		{E820F463-400B-48FB-A862-DE662FA1BAE9}.Release|Any CPU.ActiveCfg = Release|x64
		{E820F463-400B-48FB-A862-DE662FA1BAE9}.Release|Any CPU.Build.0 = Release|x64
		{E820F463-400B-48FB-A862-DE662FA1BAE9}.Release|x64.ActiveCfg = Release|x64
		{E820F463-400B-48FB-A862-DE662FA1BAE9}.Release|x64.Build.0 = Release|x64
		{E820F463-400B-48FB-A862-DE662FA1BAE9}.Release|x86.ActiveCfg = Release|Win32
		{E820F463-400B-48FB-A862-DE662FA1BAE9}.Release|x86.Build.0 = Release|Win32
		{2A60597C-A007-46FD-871B-45C3B860212F}.Debug|Any CPU.ActiveCfg = Debug|Any CPU
		{2A60597C-A007-46FD-871B-45C3B860212F}.Debug|Any CPU.Build.0 = Debug|Any CPU
		{2A60597C-A007-46FD-871B-45C3B860212F}.Debug|x64.ActiveCfg = Debug|Any CPU
		{2A60597C-A007-46FD-871B-45C3B860212F}.Debug|x64.Build.0 = Debug|Any CPU
		{2A60597C-A007-46FD-871B-45C3B860212F}.Debug|x86.ActiveCfg = Debug|Any CPU
		{2A60597C-A007-46FD-871B-45C3B860212F}.Debug|x86.Build.0 = Debug|Any CPU
		{2A60597C-A007-46FD-871B-45C3B860212F}.Release|Any CPU.ActiveCfg = Release|Any CPU
		{2A60597C-A007-46FD-871B-45C3B860212F}.Release|Any CPU.Build.0 = Release|Any CPU
		{2A60597C-A007-46FD-871B-45C3B860212F}.Release|x64.ActiveCfg = Release|Any CPU
		{2A60597C-A007-46FD-871B-45C3B860212F}.Release|x64.Build.0 = Release|Any CPU
		{2A60597C-A007-46FD-871B-45C3B860212F}.Release|x86.ActiveCfg = Release|Any CPU
		{2A60597C-A007-46FD-871B-45C3B860212F}.Release|x86.Build.0 = Release|Any CPU
		{84AA73CD-A0F1-47BF-B561-74653E2EB589}.Debug|Any CPU.ActiveCfg = Debug|Any CPU
		{84AA73CD-A0F1-47BF-B561-74653E2EB589}.Debug|Any CPU.Build.0 = Debug|Any CPU
		{84AA73CD-A0F1-47BF-B561-74653E2EB589}.Debug|x64.ActiveCfg = Debug|Any CPU
		{84AA73CD-A0F1-47BF-B561-74653E2EB589}.Debug|x64.Build.0 = Debug|Any CPU
		{84AA73CD-A0F1-47BF-B561-74653E2EB589}.Debug|x86.ActiveCfg = Debug|Any CPU
		{84AA73CD-A0F1-47BF-B561-74653E2EB589}.Debug|x86.Build.0 = Debug|Any CPU
		{84AA73CD-A0F1-47BF-B561-74653E2EB589}.Release|Any CPU.ActiveCfg = Release|Any CPU
		{84AA73CD-A0F1-47BF-B561-74653E2EB589}.Release|Any CPU.Build.0 = Release|Any CPU
		{84AA73CD-A0F1-47BF-B561-74653E2EB589}.Release|x64.ActiveCfg = Release|Any CPU
		{84AA73CD-A0F1-47BF-B561-74653E2EB589}.Release|x64.Build.0 = Release|Any CPU
		{84AA73CD-A0F1-47BF-B561-74653E2EB589}.Release|x86.ActiveCfg = Release|Any CPU
		{84AA73CD-A0F1-47BF-B561-74653E2EB589}.Release|x86.Build.0 = Release|Any CPU
	EndGlobalSection
	GlobalSection(SolutionProperties) = preSolution
		HideSolutionNode = FALSE
	EndGlobalSection
	GlobalSection(ExtensibilityGlobals) = postSolution
		SolutionGuid = {90A71847-5F0B-4FBF-AEB8-48E837D2B28D}
	EndGlobalSection
EndGlobal
