
Microsoft Visual Studio Solution File, Format Version 12.00
# Visual Studio Version 17
VisualStudioVersion = 17.11.35327.3
MinimumVisualStudioVersion = 10.0.40219.1
Project("{FAE04EC0-301F-11D3-BF4B-00C04F79EFBC}") = "WpfApp28", "WpfApp28\WpfApp28.csproj", "{157E4514-F7CA-475E-BE41-A9E1F59F95E4}"
EndProject
Project("{FAE04EC0-301F-11D3-BF4B-00C04F79EFBC}") = "WpfApp29", "WpfApp29\WpfApp29.csproj", "{52E6B927-375B-49CE-9AB6-109D3604A7FC}"
EndProject
Global
	GlobalSection(SolutionConfigurationPlatforms) = preSolution
		Debug|Any CPU = Debug|Any CPU
		Debug|x64 = Debug|x64
		Release|Any CPU = Release|Any CPU
		Release|x64 = Release|x64
	EndGlobalSection
	GlobalSection(ProjectConfigurationPlatforms) = postSolution
		{157E4514-F7CA-475E-BE41-A9E1F59F95E4}.Debug|Any CPU.ActiveCfg = Debug|Any CPU
		{157E4514-F7CA-475E-BE41-A9E1F59F95E4}.Debug|Any CPU.Build.0 = Debug|Any CPU
		{157E4514-F7CA-475E-BE41-A9E1F59F95E4}.Debug|x64.ActiveCfg = Debug|Any CPU
		{157E4514-F7CA-475E-BE41-A9E1F59F95E4}.Debug|x64.Build.0 = Debug|Any CPU
		{157E4514-F7CA-475E-BE41-A9E1F59F95E4}.Release|Any CPU.ActiveCfg = Release|Any CPU
		{157E4514-F7CA-475E-BE41-A9E1F59F95E4}.Release|Any CPU.Build.0 = Release|Any CPU
		{157E4514-F7CA-475E-BE41-A9E1F59F95E4}.Release|x64.ActiveCfg = Release|Any CPU
		{157E4514-F7CA-475E-BE41-A9E1F59F95E4}.Release|x64.Build.0 = Release|Any CPU
		{52E6B927-375B-49CE-9AB6-109D3604A7FC}.Debug|Any CPU.ActiveCfg = Debug|Any CPU
		{52E6B927-375B-49CE-9AB6-109D3604A7FC}.Debug|Any CPU.Build.0 = Debug|Any CPU
		{52E6B927-375B-49CE-9AB6-109D3604A7FC}.Debug|x64.ActiveCfg = Debug|Any CPU
		{52E6B927-375B-49CE-9AB6-109D3604A7FC}.Debug|x64.Build.0 = Debug|Any CPU
		{52E6B927-375B-49CE-9AB6-109D3604A7FC}.Release|Any CPU.ActiveCfg = Release|Any CPU
		{52E6B927-375B-49CE-9AB6-109D3604A7FC}.Release|Any CPU.Build.0 = Release|Any CPU
		{52E6B927-375B-49CE-9AB6-109D3604A7FC}.Release|x64.ActiveCfg = Release|Any CPU
		{52E6B927-375B-49CE-9AB6-109D3604A7FC}.Release|x64.Build.0 = Release|Any CPU
	EndGlobalSection
	GlobalSection(SolutionProperties) = preSolution
		HideSolutionNode = FALSE
	EndGlobalSection
	GlobalSection(ExtensibilityGlobals) = postSolution
		SolutionGuid = {90A71847-5F0B-4FBF-AEB8-48E837D2B28D}
	EndGlobalSection
EndGlobal
